{
  "name": "wrap-with-poo-test",
  "version": "1.0.0",
  "lockfileVersion": 1,
  "requires": true,
  "dependencies": {
    "@olavoparno/jest-badges-readme": {
      "version": "1.4.1",
      "resolved": "https://registry.npmjs.org/@olavoparno/jest-badges-readme/-/jest-badges-readme-1.4.1.tgz",
      "integrity": "sha512-J2d9ZBA0BFJu3Z/9tlY1iB90yB12pXd1/P8LIdP8x4ES3mZmwHHXQu/hVeyaRMUaL3dBIuq+njuzjHdS8pYQaA==",
      "dev": true
    },
    "wrap-with-poo": {
      "version": "0.1.0",
      "resolved": "https://registry.npmjs.org/wrap-with-poo/-/wrap-with-poo-0.1.0.tgz",
      "integrity": "sha512-Dak7oLdGU1YifOmU4mzaMNpGQd9iw7h7oWbFyJhxXKdRtT5WmoUlmdV5rhsU6egzX9b6Ya7rVLUW3psbHWtQbw=="
    }
  }
}
